
Microsoft Visual Studio Solution File, Format Version 12.00
# Visual Studio Version 17
VisualStudioVersion = 17.3.32922.545
MinimumVisualStudioVersion = 10.0.40219.1
Project("{FAE04EC0-301F-11D3-BF4B-00C04F79EFBC}") = "Catalog.API", "Services\Catalog\Catalog.API\Catalog.API.csproj", "{33F69164-20A9-418D-8152-76E3CEEE6588}"
EndProject
Global
	GlobalSection(SolutionConfigurationPlatforms) = preSolution
		Debug|Any CPU = Debug|Any CPU
		Release|Any CPU = Release|Any CPU
	EndGlobalSection
	GlobalSection(ProjectConfigurationPlatforms) = postSolution
		{33F69164-20A9-418D-8152-76E3CEEE6588}.Debug|Any CPU.ActiveCfg = Debug|Any CPU
		{33F69164-20A9-418D-8152-76E3CEEE6588}.Debug|Any CPU.Build.0 = Debug|Any CPU
		{33F69164-20A9-418D-8152-76E3CEEE6588}.Release|Any CPU.ActiveCfg = Release|Any CPU
		{33F69164-20A9-418D-8152-76E3CEEE6588}.Release|Any CPU.Build.0 = Release|Any CPU
	EndGlobalSection
	GlobalSection(SolutionProperties) = preSolution
		HideSolutionNode = FALSE
	EndGlobalSection
	GlobalSection(ExtensibilityGlobals) = postSolution
		SolutionGuid = {7CA8BADB-AC8E-4146-BCB5-C098DB1C0207}
	EndGlobalSection
EndGlobal
